
Microsoft Visual Studio Solution File, Format Version 12.00
Project("{2150E333-8FDC-42A3-9474-1A3956D46DE8}") = "externals", "externals", "{8A57F513-0E1E-490A-A9A7-84F61059BDDC}"
	ProjectSection(SolutionItems) = preProject
		Directory.Build.props = Directory.Build.props
		Directory.Packages.props = Directory.Packages.props
		.editorconfig = .editorconfig
		nuget.config = nuget.config
	EndProjectSection
EndProject
Project("{2150E333-8FDC-42A3-9474-1A3956D46DE8}") = "Identity", "Identity", "{C3F80B30-C2DE-41DC-933A-A24E04827504}"
EndProject
Project("{9A19103F-16F7-4668-BE54-9A1E7A4F7556}") = "_build", "build\_build.csproj", "{1DFC8537-6B29-4BB5-8449-1910496DB479}"
EndProject
Project("{FAE04EC0-301F-11D3-BF4B-00C04F79EFBC}") = "Identity.IntegrationTests", "tests\Identity.IntegrationTests\Identity.IntegrationTests.csproj", "{B51B6C8F-45D0-45D4-809C-37E6B57B1B09}"
EndProject
Project("{2150E333-8FDC-42A3-9474-1A3956D46DE8}") = "nuke", "nuke", "{15EAF5F3-93D9-4643-BD17-13E75B1BCA55}"
EndProject
Project("{FAE04EC0-301F-11D3-BF4B-00C04F79EFBC}") = "Account", "src\Account\Account.csproj", "{69B31787-CBE3-4009-B7AA-E261200F93E7}"
EndProject
Project("{2150E333-8FDC-42A3-9474-1A3956D46DE8}") = "Solution Items", "Solution Items", "{DA61C0F8-3DDC-47E1-93A9-3ACB68AF4AEE}"
	ProjectSection(SolutionItems) = preProject
		Directory.Packages.props = Directory.Packages.props
		compose.yaml = compose.yaml
	EndProjectSection
EndProject
Project("{2150E333-8FDC-42A3-9474-1A3956D46DE8}") = "Account", "Account", "{5B48E2F5-D7CC-48EA-94FE-A2F132650C8F}"
EndProject
Project("{FAE04EC0-301F-11D3-BF4B-00C04F79EFBC}") = "Account.UnitTests", "tests\Account.UnitTests\Account.UnitTests.csproj", "{B6BB1030-4DB5-497F-AAC9-E2F5D2252AD3}"
EndProject
Project("{FAE04EC0-301F-11D3-BF4B-00C04F79EFBC}") = "Core.Identity", "src\Common\Core.Identity\Core.Identity.csproj", "{31B51268-2826-4CB5-B1FC-80519BB3ED07}"
EndProject
Project("{FAE04EC0-301F-11D3-BF4B-00C04F79EFBC}") = "Core", "src\Common\Core\Core.csproj", "{69A29059-CFF9-4B4F-BB68-55DEE27F3910}"
EndProject
Project("{2150E333-8FDC-42A3-9474-1A3956D46DE8}") = "Core", "Core", "{25654B5F-D4E9-4019-B307-8759C38E94A8}"
EndProject
Project("{FAE04EC0-301F-11D3-BF4B-00C04F79EFBC}") = "Core.Swagger", "src\Common\Core.Swagger\Core.Swagger.csproj", "{5D217518-06F0-4D31-8969-2EAFF2A7D1F6}"
EndProject
Project("{FAE04EC0-301F-11D3-BF4B-00C04F79EFBC}") = "Core.Versioning", "src\Common\Core.Versioning\Core.Versioning.csproj", "{2AF91DCD-AABF-4EF0-844F-2319A1FAA4B5}"
EndProject
Project("{FAE04EC0-301F-11D3-BF4B-00C04F79EFBC}") = "Core.Logging", "src\Common\Core.Logging\Core.Logging.csproj", "{C37B0761-0FF0-46F4-932B-B2C42C926E73}"
EndProject
Project("{FAE04EC0-301F-11D3-BF4B-00C04F79EFBC}") = "Account.IntegrationTests", "tests\Account.IntegrationTests\Account.IntegrationTests.csproj", "{967AC2B2-7C7A-4037-B2F6-CF9792A69588}"
EndProject
Project("{FAE04EC0-301F-11D3-BF4B-00C04F79EFBC}") = "Identity", "src\Identity\Identity.csproj", "{E45C393E-2C06-48D6-855F-F6332516BC39}"
EndProject
Project("{FAE04EC0-301F-11D3-BF4B-00C04F79EFBC}") = "Core.Framework", "src\Common\Core.Framework\Core.Framework.csproj", "{EA1DEC1C-397D-48A8-B85D-DC8D6363E0F3}"
EndProject
Project("{FAE04EC0-301F-11D3-BF4B-00C04F79EFBC}") = "Core.EF", "src\Common\Core.EF\Core.EF.csproj", "{7C3BC55D-F1DC-4CF8-9376-7941D59228AD}"
EndProject
Project("{FAE04EC0-301F-11D3-BF4B-00C04F79EFBC}") = "Core.Domain", "src\Common\Core.Domain\Core.Domain.csproj", "{47DDA0F5-7152-4435-A5C8-51CCDCD61D49}"
EndProject
Project("{FAE04EC0-301F-11D3-BF4B-00C04F79EFBC}") = "Core.MediatR", "src\Common\Core.MediatR\Core.MediatR.csproj", "{5453898F-4A78-4AD6-89B5-BAB204FF67FF}"
EndProject
Project("{2150E333-8FDC-42A3-9474-1A3956D46DE8}") = "Modules", "Modules", "{4B354D87-FCA4-46F3-A64E-76376D3C68C2}"
EndProject
Project("{2150E333-8FDC-42A3-9474-1A3956D46DE8}") = "Api", "Api", "{CC68CA38-62BE-4535-9BB4-AB1597AFC90A}"
EndProject
Project("{FAE04EC0-301F-11D3-BF4B-00C04F79EFBC}") = "Place.API", "src\Place.API\Place.API.csproj", "{C4DD7B27-138C-4DFC-BC57-69BFC70853CA}"
EndProject
Project("{2150E333-8FDC-42A3-9474-1A3956D46DE8}") = "Identity", "Identity", "{3F0BAB74-75A0-4901-85CC-2F4D3BA668AD}"
EndProject
Project("{2150E333-8FDC-42A3-9474-1A3956D46DE8}") = "Notification", "Notification", "{9AE3E340-7217-415E-B4E2-34F22EC50D53}"
EndProject
Project("{FAE04EC0-301F-11D3-BF4B-00C04F79EFBC}") = "Place.Notification", "src\Place.Notification\Place.Notification.csproj", "{4CAF9B33-94CC-40E7-B6F3-86BF4538FB9B}"
EndProject
Project("{FAE04EC0-301F-11D3-BF4B-00C04F79EFBC}") = "Core.Identity.UnitTests", "tests\Core.Identity.UnitTests\Core.Identity.UnitTests.csproj", "{512A629D-3BAA-4AAF-ACF2-47B6E6653C15}"
EndProject
Global
	GlobalSection(SolutionConfigurationPlatforms) = preSolution
		Debug|Any CPU = Debug|Any CPU
		Release|Any CPU = Release|Any CPU
	EndGlobalSection
	GlobalSection(NestedProjects) = preSolution
		{B51B6C8F-45D0-45D4-809C-37E6B57B1B09} = {C3F80B30-C2DE-41DC-933A-A24E04827504}
		{15EAF5F3-93D9-4643-BD17-13E75B1BCA55} = {8A57F513-0E1E-490A-A9A7-84F61059BDDC}
		{69B31787-CBE3-4009-B7AA-E261200F93E7} = {5B48E2F5-D7CC-48EA-94FE-A2F132650C8F}
		{B6BB1030-4DB5-497F-AAC9-E2F5D2252AD3} = {5B48E2F5-D7CC-48EA-94FE-A2F132650C8F}
		{69A29059-CFF9-4B4F-BB68-55DEE27F3910} = {25654B5F-D4E9-4019-B307-8759C38E94A8}
		{5D217518-06F0-4D31-8969-2EAFF2A7D1F6} = {25654B5F-D4E9-4019-B307-8759C38E94A8}
		{2AF91DCD-AABF-4EF0-844F-2319A1FAA4B5} = {25654B5F-D4E9-4019-B307-8759C38E94A8}
		{C37B0761-0FF0-46F4-932B-B2C42C926E73} = {25654B5F-D4E9-4019-B307-8759C38E94A8}
		{967AC2B2-7C7A-4037-B2F6-CF9792A69588} = {5B48E2F5-D7CC-48EA-94FE-A2F132650C8F}
		{E45C393E-2C06-48D6-855F-F6332516BC39} = {C3F80B30-C2DE-41DC-933A-A24E04827504}
		{EA1DEC1C-397D-48A8-B85D-DC8D6363E0F3} = {25654B5F-D4E9-4019-B307-8759C38E94A8}
		{7C3BC55D-F1DC-4CF8-9376-7941D59228AD} = {25654B5F-D4E9-4019-B307-8759C38E94A8}
		{47DDA0F5-7152-4435-A5C8-51CCDCD61D49} = {25654B5F-D4E9-4019-B307-8759C38E94A8}
		{5453898F-4A78-4AD6-89B5-BAB204FF67FF} = {25654B5F-D4E9-4019-B307-8759C38E94A8}
		{5B48E2F5-D7CC-48EA-94FE-A2F132650C8F} = {4B354D87-FCA4-46F3-A64E-76376D3C68C2}
		{C3F80B30-C2DE-41DC-933A-A24E04827504} = {4B354D87-FCA4-46F3-A64E-76376D3C68C2}
		{C4DD7B27-138C-4DFC-BC57-69BFC70853CA} = {CC68CA38-62BE-4535-9BB4-AB1597AFC90A}
		{3F0BAB74-75A0-4901-85CC-2F4D3BA668AD} = {25654B5F-D4E9-4019-B307-8759C38E94A8}
		{31B51268-2826-4CB5-B1FC-80519BB3ED07} = {3F0BAB74-75A0-4901-85CC-2F4D3BA668AD}
		{9AE3E340-7217-415E-B4E2-34F22EC50D53} = {4B354D87-FCA4-46F3-A64E-76376D3C68C2}
		{4CAF9B33-94CC-40E7-B6F3-86BF4538FB9B} = {9AE3E340-7217-415E-B4E2-34F22EC50D53}
		{512A629D-3BAA-4AAF-ACF2-47B6E6653C15} = {3F0BAB74-75A0-4901-85CC-2F4D3BA668AD}
	EndGlobalSection
	GlobalSection(ProjectConfigurationPlatforms) = postSolution
		{1DFC8537-6B29-4BB5-8449-1910496DB479}.Debug|Any CPU.ActiveCfg = Debug|Any CPU
		{1DFC8537-6B29-4BB5-8449-1910496DB479}.Release|Any CPU.ActiveCfg = Release|Any CPU
		{B51B6C8F-45D0-45D4-809C-37E6B57B1B09}.Debug|Any CPU.ActiveCfg = Debug|Any CPU
		{B51B6C8F-45D0-45D4-809C-37E6B57B1B09}.Debug|Any CPU.Build.0 = Debug|Any CPU
		{B51B6C8F-45D0-45D4-809C-37E6B57B1B09}.Release|Any CPU.ActiveCfg = Release|Any CPU
		{B51B6C8F-45D0-45D4-809C-37E6B57B1B09}.Release|Any CPU.Build.0 = Release|Any CPU
		{69B31787-CBE3-4009-B7AA-E261200F93E7}.Debug|Any CPU.ActiveCfg = Debug|Any CPU
		{69B31787-CBE3-4009-B7AA-E261200F93E7}.Debug|Any CPU.Build.0 = Debug|Any CPU
		{69B31787-CBE3-4009-B7AA-E261200F93E7}.Release|Any CPU.ActiveCfg = Release|Any CPU
		{69B31787-CBE3-4009-B7AA-E261200F93E7}.Release|Any CPU.Build.0 = Release|Any CPU
		{B6BB1030-4DB5-497F-AAC9-E2F5D2252AD3}.Debug|Any CPU.ActiveCfg = Debug|Any CPU
		{B6BB1030-4DB5-497F-AAC9-E2F5D2252AD3}.Debug|Any CPU.Build.0 = Debug|Any CPU
		{B6BB1030-4DB5-497F-AAC9-E2F5D2252AD3}.Release|Any CPU.ActiveCfg = Release|Any CPU
		{B6BB1030-4DB5-497F-AAC9-E2F5D2252AD3}.Release|Any CPU.Build.0 = Release|Any CPU
		{31B51268-2826-4CB5-B1FC-80519BB3ED07}.Debug|Any CPU.ActiveCfg = Debug|Any CPU
		{31B51268-2826-4CB5-B1FC-80519BB3ED07}.Debug|Any CPU.Build.0 = Debug|Any CPU
		{31B51268-2826-4CB5-B1FC-80519BB3ED07}.Release|Any CPU.ActiveCfg = Release|Any CPU
		{31B51268-2826-4CB5-B1FC-80519BB3ED07}.Release|Any CPU.Build.0 = Release|Any CPU
		{69A29059-CFF9-4B4F-BB68-55DEE27F3910}.Debug|Any CPU.ActiveCfg = Debug|Any CPU
		{69A29059-CFF9-4B4F-BB68-55DEE27F3910}.Debug|Any CPU.Build.0 = Debug|Any CPU
		{69A29059-CFF9-4B4F-BB68-55DEE27F3910}.Release|Any CPU.ActiveCfg = Release|Any CPU
		{69A29059-CFF9-4B4F-BB68-55DEE27F3910}.Release|Any CPU.Build.0 = Release|Any CPU
		{5D217518-06F0-4D31-8969-2EAFF2A7D1F6}.Debug|Any CPU.ActiveCfg = Debug|Any CPU
		{5D217518-06F0-4D31-8969-2EAFF2A7D1F6}.Debug|Any CPU.Build.0 = Debug|Any CPU
		{5D217518-06F0-4D31-8969-2EAFF2A7D1F6}.Release|Any CPU.ActiveCfg = Release|Any CPU
		{5D217518-06F0-4D31-8969-2EAFF2A7D1F6}.Release|Any CPU.Build.0 = Release|Any CPU
		{2AF91DCD-AABF-4EF0-844F-2319A1FAA4B5}.Debug|Any CPU.ActiveCfg = Debug|Any CPU
		{2AF91DCD-AABF-4EF0-844F-2319A1FAA4B5}.Debug|Any CPU.Build.0 = Debug|Any CPU
		{2AF91DCD-AABF-4EF0-844F-2319A1FAA4B5}.Release|Any CPU.ActiveCfg = Release|Any CPU
		{2AF91DCD-AABF-4EF0-844F-2319A1FAA4B5}.Release|Any CPU.Build.0 = Release|Any CPU
		{C37B0761-0FF0-46F4-932B-B2C42C926E73}.Debug|Any CPU.ActiveCfg = Debug|Any CPU
		{C37B0761-0FF0-46F4-932B-B2C42C926E73}.Debug|Any CPU.Build.0 = Debug|Any CPU
		{C37B0761-0FF0-46F4-932B-B2C42C926E73}.Release|Any CPU.ActiveCfg = Release|Any CPU
		{C37B0761-0FF0-46F4-932B-B2C42C926E73}.Release|Any CPU.Build.0 = Release|Any CPU
		{967AC2B2-7C7A-4037-B2F6-CF9792A69588}.Debug|Any CPU.ActiveCfg = Debug|Any CPU
		{967AC2B2-7C7A-4037-B2F6-CF9792A69588}.Debug|Any CPU.Build.0 = Debug|Any CPU
		{967AC2B2-7C7A-4037-B2F6-CF9792A69588}.Release|Any CPU.ActiveCfg = Release|Any CPU
		{967AC2B2-7C7A-4037-B2F6-CF9792A69588}.Release|Any CPU.Build.0 = Release|Any CPU
		{E45C393E-2C06-48D6-855F-F6332516BC39}.Debug|Any CPU.ActiveCfg = Debug|Any CPU
		{E45C393E-2C06-48D6-855F-F6332516BC39}.Debug|Any CPU.Build.0 = Debug|Any CPU
		{E45C393E-2C06-48D6-855F-F6332516BC39}.Release|Any CPU.ActiveCfg = Release|Any CPU
		{E45C393E-2C06-48D6-855F-F6332516BC39}.Release|Any CPU.Build.0 = Release|Any CPU
		{EA1DEC1C-397D-48A8-B85D-DC8D6363E0F3}.Debug|Any CPU.ActiveCfg = Debug|Any CPU
		{EA1DEC1C-397D-48A8-B85D-DC8D6363E0F3}.Debug|Any CPU.Build.0 = Debug|Any CPU
		{EA1DEC1C-397D-48A8-B85D-DC8D6363E0F3}.Release|Any CPU.ActiveCfg = Release|Any CPU
		{EA1DEC1C-397D-48A8-B85D-DC8D6363E0F3}.Release|Any CPU.Build.0 = Release|Any CPU
		{7C3BC55D-F1DC-4CF8-9376-7941D59228AD}.Debug|Any CPU.ActiveCfg = Debug|Any CPU
		{7C3BC55D-F1DC-4CF8-9376-7941D59228AD}.Debug|Any CPU.Build.0 = Debug|Any CPU
		{7C3BC55D-F1DC-4CF8-9376-7941D59228AD}.Release|Any CPU.ActiveCfg = Release|Any CPU
		{7C3BC55D-F1DC-4CF8-9376-7941D59228AD}.Release|Any CPU.Build.0 = Release|Any CPU
		{47DDA0F5-7152-4435-A5C8-51CCDCD61D49}.Debug|Any CPU.ActiveCfg = Debug|Any CPU
		{47DDA0F5-7152-4435-A5C8-51CCDCD61D49}.Debug|Any CPU.Build.0 = Debug|Any CPU
		{47DDA0F5-7152-4435-A5C8-51CCDCD61D49}.Release|Any CPU.ActiveCfg = Release|Any CPU
		{47DDA0F5-7152-4435-A5C8-51CCDCD61D49}.Release|Any CPU.Build.0 = Release|Any CPU
		{5453898F-4A78-4AD6-89B5-BAB204FF67FF}.Debug|Any CPU.ActiveCfg = Debug|Any CPU
		{5453898F-4A78-4AD6-89B5-BAB204FF67FF}.Debug|Any CPU.Build.0 = Debug|Any CPU
		{5453898F-4A78-4AD6-89B5-BAB204FF67FF}.Release|Any CPU.ActiveCfg = Release|Any CPU
		{5453898F-4A78-4AD6-89B5-BAB204FF67FF}.Release|Any CPU.Build.0 = Release|Any CPU
		{C4DD7B27-138C-4DFC-BC57-69BFC70853CA}.Debug|Any CPU.ActiveCfg = Debug|Any CPU
		{C4DD7B27-138C-4DFC-BC57-69BFC70853CA}.Debug|Any CPU.Build.0 = Debug|Any CPU
		{C4DD7B27-138C-4DFC-BC57-69BFC70853CA}.Release|Any CPU.ActiveCfg = Release|Any CPU
		{C4DD7B27-138C-4DFC-BC57-69BFC70853CA}.Release|Any CPU.Build.0 = Release|Any CPU
		{4CAF9B33-94CC-40E7-B6F3-86BF4538FB9B}.Debug|Any CPU.ActiveCfg = Debug|Any CPU
		{4CAF9B33-94CC-40E7-B6F3-86BF4538FB9B}.Debug|Any CPU.Build.0 = Debug|Any CPU
		{4CAF9B33-94CC-40E7-B6F3-86BF4538FB9B}.Release|Any CPU.ActiveCfg = Release|Any CPU
		{4CAF9B33-94CC-40E7-B6F3-86BF4538FB9B}.Release|Any CPU.Build.0 = Release|Any CPU
		{512A629D-3BAA-4AAF-ACF2-47B6E6653C15}.Debug|Any CPU.ActiveCfg = Debug|Any CPU
		{512A629D-3BAA-4AAF-ACF2-47B6E6653C15}.Debug|Any CPU.Build.0 = Debug|Any CPU
		{512A629D-3BAA-4AAF-ACF2-47B6E6653C15}.Release|Any CPU.ActiveCfg = Release|Any CPU
		{512A629D-3BAA-4AAF-ACF2-47B6E6653C15}.Release|Any CPU.Build.0 = Release|Any CPU
	EndGlobalSection
EndGlobal
